// !$*UTF8*$!
{
	archiveVersion = 1;
	classes = {
	};
	objectVersion = 56;
	objects = {

/* Begin PBXBuildFile section */
		2E5B189528FEDAB600E1A467 /* SwiftUITestApp.swift in Sources */ = {isa = PBXBuildFile; fileRef = 2E5B189428FEDAB600E1A467 /* SwiftUITestApp.swift */; };
		2E5B189728FEDAB600E1A467 /* MainView.swift in Sources */ = {isa = PBXBuildFile; fileRef = 2E5B189628FEDAB600E1A467 /* MainView.swift */; };
		2E5B189928FEDAB800E1A467 /* Assets.xcassets in Resources */ = {isa = PBXBuildFile; fileRef = 2E5B189828FEDAB800E1A467 /* Assets.xcassets */; };
		2E5B189C28FEDAB800E1A467 /* Preview Assets.xcassets in Resources */ = {isa = PBXBuildFile; fileRef = 2E5B189B28FEDAB800E1A467 /* Preview Assets.xcassets */; };
		2E5B18AF28FEE9F900E1A467 /* SearchBar.swift in Sources */ = {isa = PBXBuildFile; fileRef = 2E5B18AE28FEE9F900E1A467 /* SearchBar.swift */; };
		2E5B18B228FEEEC700E1A467 /* LocationPopUpView.swift in Sources */ = {isa = PBXBuildFile; fileRef = 2E5B18B128FEEEC700E1A467 /* LocationPopUpView.swift */; };
		2E5B18B528FEEF4F00E1A467 /* Colors.xcassets in Resources */ = {isa = PBXBuildFile; fileRef = 2E5B18B428FEEF4F00E1A467 /* Colors.xcassets */; };
		2E5B18B928FF0C7D00E1A467 /* Category.swift in Sources */ = {isa = PBXBuildFile; fileRef = 2E5B18B828FF0C7D00E1A467 /* Category.swift */; };
		2E5B18BD28FF148100E1A467 /* CategoryModel.swift in Sources */ = {isa = PBXBuildFile; fileRef = 2E5B18BC28FF148100E1A467 /* CategoryModel.swift */; };
		2E6AB01F290040B600E262D6 /* HotSales.swift in Sources */ = {isa = PBXBuildFile; fileRef = 2E6AB01E290040B600E262D6 /* HotSales.swift */; };
		2E6AB0222900455200E262D6 /* BestSeller.swift in Sources */ = {isa = PBXBuildFile; fileRef = 2E6AB0212900455200E262D6 /* BestSeller.swift */; };
		2E86D26E29015AFB008848F3 /* CategoryCellView.swift in Sources */ = {isa = PBXBuildFile; fileRef = 2E86D26D29015AFB008848F3 /* CategoryCellView.swift */; };
		2E86D27129016E8E008848F3 /* Kingfisher in Frameworks */ = {isa = PBXBuildFile; productRef = 2E86D27029016E8E008848F3 /* Kingfisher */; };
		2E86D27329016EC2008848F3 /* MainScreenModel.swift in Sources */ = {isa = PBXBuildFile; fileRef = 2E86D27229016EC2008848F3 /* MainScreenModel.swift */; };
/* End PBXBuildFile section */

/* Begin PBXFileReference section */
		2E5B189128FEDAB600E1A467 /* SwiftUITest.app */ = {isa = PBXFileReference; explicitFileType = wrapper.application; includeInIndex = 0; path = SwiftUITest.app; sourceTree = BUILT_PRODUCTS_DIR; };
		2E5B189428FEDAB600E1A467 /* SwiftUITestApp.swift */ = {isa = PBXFileReference; lastKnownFileType = sourcecode.swift; path = SwiftUITestApp.swift; sourceTree = "<group>"; };
		2E5B189628FEDAB600E1A467 /* MainView.swift */ = {isa = PBXFileReference; lastKnownFileType = sourcecode.swift; path = MainView.swift; sourceTree = "<group>"; };
		2E5B189828FEDAB800E1A467 /* Assets.xcassets */ = {isa = PBXFileReference; lastKnownFileType = folder.assetcatalog; path = Assets.xcassets; sourceTree = "<group>"; };
		2E5B189B28FEDAB800E1A467 /* Preview Assets.xcassets */ = {isa = PBXFileReference; lastKnownFileType = folder.assetcatalog; path = "Preview Assets.xcassets"; sourceTree = "<group>"; };
		2E5B18AE28FEE9F900E1A467 /* SearchBar.swift */ = {isa = PBXFileReference; lastKnownFileType = sourcecode.swift; path = SearchBar.swift; sourceTree = "<group>"; };
		2E5B18B128FEEEC700E1A467 /* LocationPopUpView.swift */ = {isa = PBXFileReference; lastKnownFileType = sourcecode.swift; path = LocationPopUpView.swift; sourceTree = "<group>"; };
		2E5B18B428FEEF4F00E1A467 /* Colors.xcassets */ = {isa = PBXFileReference; lastKnownFileType = folder.assetcatalog; path = Colors.xcassets; sourceTree = "<group>"; };
		2E5B18B828FF0C7D00E1A467 /* Category.swift */ = {isa = PBXFileReference; lastKnownFileType = sourcecode.swift; path = Category.swift; sourceTree = "<group>"; };
		2E5B18BC28FF148100E1A467 /* CategoryModel.swift */ = {isa = PBXFileReference; lastKnownFileType = sourcecode.swift; path = CategoryModel.swift; sourceTree = "<group>"; };
		2E6AB01E290040B600E262D6 /* HotSales.swift */ = {isa = PBXFileReference; lastKnownFileType = sourcecode.swift; path = HotSales.swift; sourceTree = "<group>"; };
		2E6AB0212900455200E262D6 /* BestSeller.swift */ = {isa = PBXFileReference; lastKnownFileType = sourcecode.swift; path = BestSeller.swift; sourceTree = "<group>"; };
		2E86D26D29015AFB008848F3 /* CategoryCellView.swift */ = {isa = PBXFileReference; lastKnownFileType = sourcecode.swift; path = CategoryCellView.swift; sourceTree = "<group>"; };
		2E86D27229016EC2008848F3 /* MainScreenModel.swift */ = {isa = PBXFileReference; lastKnownFileType = sourcecode.swift; path = MainScreenModel.swift; sourceTree = "<group>"; };
/* End PBXFileReference section */

/* Begin PBXFrameworksBuildPhase section */
		2E5B188E28FEDAB600E1A467 /* Frameworks */ = {
			isa = PBXFrameworksBuildPhase;
			buildActionMask = 2147483647;
			files = (
				2E86D27129016E8E008848F3 /* Kingfisher in Frameworks */,
			);
			runOnlyForDeploymentPostprocessing = 0;
		};
/* End PBXFrameworksBuildPhase section */

/* Begin PBXGroup section */
		2E5B188828FEDAB600E1A467 = {
			isa = PBXGroup;
			children = (
				2E5B189328FEDAB600E1A467 /* SwiftUITest */,
				2E5B189228FEDAB600E1A467 /* Products */,
			);
			sourceTree = "<group>";
		};
		2E5B189228FEDAB600E1A467 /* Products */ = {
			isa = PBXGroup;
			children = (
				2E5B189128FEDAB600E1A467 /* SwiftUITest.app */,
			);
			name = Products;
			sourceTree = "<group>";
		};
		2E5B189328FEDAB600E1A467 /* SwiftUITest */ = {
			isa = PBXGroup;
			children = (
				2E5B18A428FEE69000E1A467 /* UI */,
				2E5B18A228FEE5E000E1A467 /* Service */,
				2E5B18B328FEEF2600E1A467 /* Resouces */,
				2E5B18B628FEEFAA00E1A467 /* Application */,
				2E5B189A28FEDAB800E1A467 /* Preview Content */,
			);
			path = SwiftUITest;
			sourceTree = "<group>";
		};
		2E5B189A28FEDAB800E1A467 /* Preview Content */ = {
			isa = PBXGroup;
			children = (
				2E5B189B28FEDAB800E1A467 /* Preview Assets.xcassets */,
			);
			path = "Preview Content";
			sourceTree = "<group>";
		};
		2E5B18A228FEE5E000E1A467 /* Service */ = {
			isa = PBXGroup;
			children = (
				2E5B18A328FEE5F100E1A467 /* Network */,
			);
			path = Service;
			sourceTree = "<group>";
		};
		2E5B18A328FEE5F100E1A467 /* Network */ = {
			isa = PBXGroup;
			children = (
				2E86D27829017018008848F3 /* Protocols */,
			);
			path = Network;
			sourceTree = "<group>";
		};
		2E5B18A428FEE69000E1A467 /* UI */ = {
			isa = PBXGroup;
			children = (
				2E5B18A528FEE6A600E1A467 /* MainScreen */,
			);
			path = UI;
			sourceTree = "<group>";
		};
		2E5B18A528FEE6A600E1A467 /* MainScreen */ = {
			isa = PBXGroup;
			children = (
				2E5B18A728FEE6CE00E1A467 /* Main */,
				2E5B18A628FEE6B000E1A467 /* Modules */,
			);
			path = MainScreen;
			sourceTree = "<group>";
		};
		2E5B18A628FEE6B000E1A467 /* Modules */ = {
			isa = PBXGroup;
			children = (
				2E6AB0202900454100E262D6 /* BestSeller */,
				2E6AB01D290040A200E262D6 /* HotSales */,
				2E5B18B728FF0C5100E1A467 /* Category */,
				2E5B18B028FEEEBB00E1A467 /* LocationPopUpView */,
				2E5B18AB28FEE96D00E1A467 /* SearchBar */,
			);
			path = Modules;
			sourceTree = "<group>";
		};
		2E5B18A728FEE6CE00E1A467 /* Main */ = {
			isa = PBXGroup;
			children = (
				2E5B18AA28FEE6F200E1A467 /* View */,
				2E5B18A928FEE6EA00E1A467 /* ViewModel */,
				2E5B18A828FEE6E100E1A467 /* Model */,
			);
			path = Main;
			sourceTree = "<group>";
		};
		2E5B18A828FEE6E100E1A467 /* Model */ = {
			isa = PBXGroup;
			children = (
				2E86D27229016EC2008848F3 /* MainScreenModel.swift */,
			);
			path = Model;
			sourceTree = "<group>";
		};
		2E5B18A928FEE6EA00E1A467 /* ViewModel */ = {
			isa = PBXGroup;
			children = (
			);
			path = ViewModel;
			sourceTree = "<group>";
		};
		2E5B18AA28FEE6F200E1A467 /* View */ = {
			isa = PBXGroup;
			children = (
				2E5B189628FEDAB600E1A467 /* MainView.swift */,
			);
			path = View;
			sourceTree = "<group>";
		};
		2E5B18AB28FEE96D00E1A467 /* SearchBar */ = {
			isa = PBXGroup;
			children = (
				2E5B18AE28FEE9F900E1A467 /* SearchBar.swift */,
			);
			path = SearchBar;
			sourceTree = "<group>";
		};
		2E5B18B028FEEEBB00E1A467 /* LocationPopUpView */ = {
			isa = PBXGroup;
			children = (
				2E5B18B128FEEEC700E1A467 /* LocationPopUpView.swift */,
			);
			path = LocationPopUpView;
			sourceTree = "<group>";
		};
		2E5B18B328FEEF2600E1A467 /* Resouces */ = {
			isa = PBXGroup;
			children = (
				2E5B189828FEDAB800E1A467 /* Assets.xcassets */,
				2E5B18B428FEEF4F00E1A467 /* Colors.xcassets */,
			);
			path = Resouces;
			sourceTree = "<group>";
		};
		2E5B18B628FEEFAA00E1A467 /* Application */ = {
			isa = PBXGroup;
			children = (
				2E5B189428FEDAB600E1A467 /* SwiftUITestApp.swift */,
			);
			path = Application;
			sourceTree = "<group>";
		};
		2E5B18B728FF0C5100E1A467 /* Category */ = {
			isa = PBXGroup;
			children = (
				2E86D26C29015AD7008848F3 /* CategoryCellView */,
				2E5B18BA28FF146200E1A467 /* Model */,
				2E5B18B828FF0C7D00E1A467 /* Category.swift */,
			);
			path = Category;
			sourceTree = "<group>";
		};
		2E5B18BA28FF146200E1A467 /* Model */ = {
			isa = PBXGroup;
			children = (
				2E5B18BC28FF148100E1A467 /* CategoryModel.swift */,
			);
			path = Model;
			sourceTree = "<group>";
		};
		2E6AB01D290040A200E262D6 /* HotSales */ = {
			isa = PBXGroup;
			children = (
				2E6AB01E290040B600E262D6 /* HotSales.swift */,
			);
			path = HotSales;
			sourceTree = "<group>";
		};
		2E6AB0202900454100E262D6 /* BestSeller */ = {
			isa = PBXGroup;
			children = (
				2E6AB0212900455200E262D6 /* BestSeller.swift */,
			);
			path = BestSeller;
			sourceTree = "<group>";
		};
		2E86D26C29015AD7008848F3 /* CategoryCellView */ = {
			isa = PBXGroup;
			children = (
				2E86D26D29015AFB008848F3 /* CategoryCellView.swift */,
			);
			path = CategoryCellView;
			sourceTree = "<group>";
		};
		2E86D27829017018008848F3 /* Protocols */ = {
			isa = PBXGroup;
			children = (
			);
			path = Protocols;
			sourceTree = "<group>";
		};
/* End PBXGroup section */

/* Begin PBXNativeTarget section */
		2E5B189028FEDAB600E1A467 /* SwiftUITest */ = {
			isa = PBXNativeTarget;
			buildConfigurationList = 2E5B189F28FEDAB800E1A467 /* Build configuration list for PBXNativeTarget "SwiftUITest" */;
			buildPhases = (
				2E5B188D28FEDAB600E1A467 /* Sources */,
				2E5B188E28FEDAB600E1A467 /* Frameworks */,
				2E5B188F28FEDAB600E1A467 /* Resources */,
			);
			buildRules = (
			);
			dependencies = (
			);
			name = SwiftUITest;
			packageProductDependencies = (
				2E86D27029016E8E008848F3 /* Kingfisher */,
			);
			productName = SwiftUITest;
			productReference = 2E5B189128FEDAB600E1A467 /* SwiftUITest.app */;
			productType = "com.apple.product-type.application";
		};
/* End PBXNativeTarget section */

/* Begin PBXProject section */
		2E5B188928FEDAB600E1A467 /* Project object */ = {
			isa = PBXProject;
			attributes = {
				BuildIndependentTargetsInParallel = 1;
				LastSwiftUpdateCheck = 1400;
				LastUpgradeCheck = 1400;
				TargetAttributes = {
					2E5B189028FEDAB600E1A467 = {
						CreatedOnToolsVersion = 14.0.1;
					};
				};
			};
			buildConfigurationList = 2E5B188C28FEDAB600E1A467 /* Build configuration list for PBXProject "SwiftUITest" */;
			compatibilityVersion = "Xcode 14.0";
			developmentRegion = en;
			hasScannedForEncodings = 0;
			knownRegions = (
				en,
				Base,
			);
			mainGroup = 2E5B188828FEDAB600E1A467;
			packageReferences = (
				2E86D26F29016E8E008848F3 /* XCRemoteSwiftPackageReference "Kingfisher" */,
			);
			productRefGroup = 2E5B189228FEDAB600E1A467 /* Products */;
			projectDirPath = "";
			projectRoot = "";
			targets = (
				2E5B189028FEDAB600E1A467 /* SwiftUITest */,
			);
		};
/* End PBXProject section */

/* Begin PBXResourcesBuildPhase section */
		2E5B188F28FEDAB600E1A467 /* Resources */ = {
			isa = PBXResourcesBuildPhase;
			buildActionMask = 2147483647;
			files = (
				2E5B189C28FEDAB800E1A467 /* Preview Assets.xcassets in Resources */,
				2E5B18B528FEEF4F00E1A467 /* Colors.xcassets in Resources */,
				2E5B189928FEDAB800E1A467 /* Assets.xcassets in Resources */,
			);
			runOnlyForDeploymentPostprocessing = 0;
		};
/* End PBXResourcesBuildPhase section */

/* Begin PBXSourcesBuildPhase section */
		2E5B188D28FEDAB600E1A467 /* Sources */ = {
			isa = PBXSourcesBuildPhase;
			buildActionMask = 2147483647;
			files = (
				2E6AB0222900455200E262D6 /* BestSeller.swift in Sources */,
				2E5B189728FEDAB600E1A467 /* MainView.swift in Sources */,
				2E86D27329016EC2008848F3 /* MainScreenModel.swift in Sources */,
				2E6AB01F290040B600E262D6 /* HotSales.swift in Sources */,
				2E5B18BD28FF148100E1A467 /* CategoryModel.swift in Sources */,
				2E86D26E29015AFB008848F3 /* CategoryCellView.swift in Sources */,
				2E5B18B928FF0C7D00E1A467 /* Category.swift in Sources */,
				2E5B189528FEDAB600E1A467 /* SwiftUITestApp.swift in Sources */,
				2E5B18B228FEEEC700E1A467 /* LocationPopUpView.swift in Sources */,
				2E5B18AF28FEE9F900E1A467 /* SearchBar.swift in Sources */,
			);
			runOnlyForDeploymentPostprocessing = 0;
		};
/* End PBXSourcesBuildPhase section */

/* Begin XCBuildConfiguration section */
		2E5B189D28FEDAB800E1A467 /* Debug */ = {
			isa = XCBuildConfiguration;
			buildSettings = {
				ALWAYS_SEARCH_USER_PATHS = NO;
				CLANG_ANALYZER_NONNULL = YES;
				CLANG_ANALYZER_NUMBER_OBJECT_CONVERSION = YES_AGGRESSIVE;
				CLANG_CXX_LANGUAGE_STANDARD = "gnu++20";
				CLANG_ENABLE_MODULES = YES;
				CLANG_ENABLE_OBJC_ARC = YES;
				CLANG_ENABLE_OBJC_WEAK = YES;
				CLANG_WARN_BLOCK_CAPTURE_AUTORELEASING = YES;
				CLANG_WARN_BOOL_CONVERSION = YES;
				CLANG_WARN_COMMA = YES;
				CLANG_WARN_CONSTANT_CONVERSION = YES;
				CLANG_WARN_DEPRECATED_OBJC_IMPLEMENTATIONS = YES;
				CLANG_WARN_DIRECT_OBJC_ISA_USAGE = YES_ERROR;
				CLANG_WARN_DOCUMENTATION_COMMENTS = YES;
				CLANG_WARN_EMPTY_BODY = YES;
				CLANG_WARN_ENUM_CONVERSION = YES;
				CLANG_WARN_INFINITE_RECURSION = YES;
				CLANG_WARN_INT_CONVERSION = YES;
				CLANG_WARN_NON_LITERAL_NULL_CONVERSION = YES;
				CLANG_WARN_OBJC_IMPLICIT_RETAIN_SELF = YES;
				CLANG_WARN_OBJC_LITERAL_CONVERSION = YES;
				CLANG_WARN_OBJC_ROOT_CLASS = YES_ERROR;
				CLANG_WARN_QUOTED_INCLUDE_IN_FRAMEWORK_HEADER = YES;
				CLANG_WARN_RANGE_LOOP_ANALYSIS = YES;
				CLANG_WARN_STRICT_PROTOTYPES = YES;
				CLANG_WARN_SUSPICIOUS_MOVE = YES;
				CLANG_WARN_UNGUARDED_AVAILABILITY = YES_AGGRESSIVE;
				CLANG_WARN_UNREACHABLE_CODE = YES;
				CLANG_WARN__DUPLICATE_METHOD_MATCH = YES;
				COPY_PHASE_STRIP = NO;
				DEBUG_INFORMATION_FORMAT = dwarf;
				ENABLE_STRICT_OBJC_MSGSEND = YES;
				ENABLE_TESTABILITY = YES;
				GCC_C_LANGUAGE_STANDARD = gnu11;
				GCC_DYNAMIC_NO_PIC = NO;
				GCC_NO_COMMON_BLOCKS = YES;
				GCC_OPTIMIZATION_LEVEL = 0;
				GCC_PREPROCESSOR_DEFINITIONS = (
					"DEBUG=1",
					"$(inherited)",
				);
				GCC_WARN_64_TO_32_BIT_CONVERSION = YES;
				GCC_WARN_ABOUT_RETURN_TYPE = YES_ERROR;
				GCC_WARN_UNDECLARED_SELECTOR = YES;
				GCC_WARN_UNINITIALIZED_AUTOS = YES_AGGRESSIVE;
				GCC_WARN_UNUSED_FUNCTION = YES;
				GCC_WARN_UNUSED_VARIABLE = YES;
				IPHONEOS_DEPLOYMENT_TARGET = 16.0;
				MTL_ENABLE_DEBUG_INFO = INCLUDE_SOURCE;
				MTL_FAST_MATH = YES;
				ONLY_ACTIVE_ARCH = YES;
				SDKROOT = iphoneos;
				SWIFT_ACTIVE_COMPILATION_CONDITIONS = DEBUG;
				SWIFT_OPTIMIZATION_LEVEL = "-Onone";
			};
			name = Debug;
		};
		2E5B189E28FEDAB800E1A467 /* Release */ = {
			isa = XCBuildConfiguration;
			buildSettings = {
				ALWAYS_SEARCH_USER_PATHS = NO;
				CLANG_ANALYZER_NONNULL = YES;
				CLANG_ANALYZER_NUMBER_OBJECT_CONVERSION = YES_AGGRESSIVE;
				CLANG_CXX_LANGUAGE_STANDARD = "gnu++20";
				CLANG_ENABLE_MODULES = YES;
				CLANG_ENABLE_OBJC_ARC = YES;
				CLANG_ENABLE_OBJC_WEAK = YES;
				CLANG_WARN_BLOCK_CAPTURE_AUTORELEASING = YES;
				CLANG_WARN_BOOL_CONVERSION = YES;
				CLANG_WARN_COMMA = YES;
				CLANG_WARN_CONSTANT_CONVERSION = YES;
				CLANG_WARN_DEPRECATED_OBJC_IMPLEMENTATIONS = YES;
				CLANG_WARN_DIRECT_OBJC_ISA_USAGE = YES_ERROR;
				CLANG_WARN_DOCUMENTATION_COMMENTS = YES;
				CLANG_WARN_EMPTY_BODY = YES;
				CLANG_WARN_ENUM_CONVERSION = YES;
				CLANG_WARN_INFINITE_RECURSION = YES;
				CLANG_WARN_INT_CONVERSION = YES;
				CLANG_WARN_NON_LITERAL_NULL_CONVERSION = YES;
				CLANG_WARN_OBJC_IMPLICIT_RETAIN_SELF = YES;
				CLANG_WARN_OBJC_LITERAL_CONVERSION = YES;
				CLANG_WARN_OBJC_ROOT_CLASS = YES_ERROR;
				CLANG_WARN_QUOTED_INCLUDE_IN_FRAMEWORK_HEADER = YES;
				CLANG_WARN_RANGE_LOOP_ANALYSIS = YES;
				CLANG_WARN_STRICT_PROTOTYPES = YES;
				CLANG_WARN_SUSPICIOUS_MOVE = YES;
				CLANG_WARN_UNGUARDED_AVAILABILITY = YES_AGGRESSIVE;
				CLANG_WARN_UNREACHABLE_CODE = YES;
				CLANG_WARN__DUPLICATE_METHOD_MATCH = YES;
				COPY_PHASE_STRIP = NO;
				DEBUG_INFORMATION_FORMAT = "dwarf-with-dsym";
				ENABLE_NS_ASSERTIONS = NO;
				ENABLE_STRICT_OBJC_MSGSEND = YES;
				GCC_C_LANGUAGE_STANDARD = gnu11;
				GCC_NO_COMMON_BLOCKS = YES;
				GCC_WARN_64_TO_32_BIT_CONVERSION = YES;
				GCC_WARN_ABOUT_RETURN_TYPE = YES_ERROR;
				GCC_WARN_UNDECLARED_SELECTOR = YES;
				GCC_WARN_UNINITIALIZED_AUTOS = YES_AGGRESSIVE;
				GCC_WARN_UNUSED_FUNCTION = YES;
				GCC_WARN_UNUSED_VARIABLE = YES;
				IPHONEOS_DEPLOYMENT_TARGET = 16.0;
				MTL_ENABLE_DEBUG_INFO = NO;
				MTL_FAST_MATH = YES;
				SDKROOT = iphoneos;
				SWIFT_COMPILATION_MODE = wholemodule;
				SWIFT_OPTIMIZATION_LEVEL = "-O";
				VALIDATE_PRODUCT = YES;
			};
			name = Release;
		};
		2E5B18A028FEDAB800E1A467 /* Debug */ = {
			isa = XCBuildConfiguration;
			buildSettings = {
				ASSETCATALOG_COMPILER_APPICON_NAME = AppIcon;
				ASSETCATALOG_COMPILER_GLOBAL_ACCENT_COLOR_NAME = AccentColor;
				CODE_SIGN_STYLE = Automatic;
				CURRENT_PROJECT_VERSION = 1;
				DEVELOPMENT_ASSET_PATHS = "\"SwiftUITest/Preview Content\"";
				DEVELOPMENT_TEAM = W7VRAPA4T2;
				ENABLE_PREVIEWS = YES;
				GENERATE_INFOPLIST_FILE = YES;
				INFOPLIST_KEY_UIApplicationSceneManifest_Generation = YES;
				INFOPLIST_KEY_UIApplicationSupportsIndirectInputEvents = YES;
				INFOPLIST_KEY_UILaunchScreen_Generation = YES;
				INFOPLIST_KEY_UISupportedInterfaceOrientations_iPad = "UIInterfaceOrientationPortrait UIInterfaceOrientationPortraitUpsideDown UIInterfaceOrientationLandscapeLeft UIInterfaceOrientationLandscapeRight";
				INFOPLIST_KEY_UISupportedInterfaceOrientations_iPhone = "UIInterfaceOrientationPortrait UIInterfaceOrientationLandscapeLeft UIInterfaceOrientationLandscapeRight";
				LD_RUNPATH_SEARCH_PATHS = (
					"$(inherited)",
					"@executable_path/Frameworks",
				);
				MARKETING_VERSION = 1.0;
				PRODUCT_BUNDLE_IDENTIFIER = hristDev.SwiftUITest;
				PRODUCT_NAME = "$(TARGET_NAME)";
				SWIFT_EMIT_LOC_STRINGS = YES;
				SWIFT_VERSION = 5.0;
				TARGETED_DEVICE_FAMILY = "1,2";
			};
			name = Debug;
		};
		2E5B18A128FEDAB800E1A467 /* Release */ = {
			isa = XCBuildConfiguration;
			buildSettings = {
				ASSETCATALOG_COMPILER_APPICON_NAME = AppIcon;
				ASSETCATALOG_COMPILER_GLOBAL_ACCENT_COLOR_NAME = AccentColor;
				CODE_SIGN_STYLE = Automatic;
				CURRENT_PROJECT_VERSION = 1;
				DEVELOPMENT_ASSET_PATHS = "\"SwiftUITest/Preview Content\"";
				DEVELOPMENT_TEAM = W7VRAPA4T2;
				ENABLE_PREVIEWS = YES;
				GENERATE_INFOPLIST_FILE = YES;
				INFOPLIST_KEY_UIApplicationSceneManifest_Generation = YES;
				INFOPLIST_KEY_UIApplicationSupportsIndirectInputEvents = YES;
				INFOPLIST_KEY_UILaunchScreen_Generation = YES;
				INFOPLIST_KEY_UISupportedInterfaceOrientations_iPad = "UIInterfaceOrientationPortrait UIInterfaceOrientationPortraitUpsideDown UIInterfaceOrientationLandscapeLeft UIInterfaceOrientationLandscapeRight";
				INFOPLIST_KEY_UISupportedInterfaceOrientations_iPhone = "UIInterfaceOrientationPortrait UIInterfaceOrientationLandscapeLeft UIInterfaceOrientationLandscapeRight";
				LD_RUNPATH_SEARCH_PATHS = (
					"$(inherited)",
					"@executable_path/Frameworks",
				);
				MARKETING_VERSION = 1.0;
				PRODUCT_BUNDLE_IDENTIFIER = hristDev.SwiftUITest;
				PRODUCT_NAME = "$(TARGET_NAME)";
				SWIFT_EMIT_LOC_STRINGS = YES;
				SWIFT_VERSION = 5.0;
				TARGETED_DEVICE_FAMILY = "1,2";
			};
			name = Release;
		};
/* End XCBuildConfiguration section */

/* Begin XCConfigurationList section */
		2E5B188C28FEDAB600E1A467 /* Build configuration list for PBXProject "SwiftUITest" */ = {
			isa = XCConfigurationList;
			buildConfigurations = (
				2E5B189D28FEDAB800E1A467 /* Debug */,
				2E5B189E28FEDAB800E1A467 /* Release */,
			);
			defaultConfigurationIsVisible = 0;
			defaultConfigurationName = Release;
		};
		2E5B189F28FEDAB800E1A467 /* Build configuration list for PBXNativeTarget "SwiftUITest" */ = {
			isa = XCConfigurationList;
			buildConfigurations = (
				2E5B18A028FEDAB800E1A467 /* Debug */,
				2E5B18A128FEDAB800E1A467 /* Release */,
			);
			defaultConfigurationIsVisible = 0;
			defaultConfigurationName = Release;
		};
/* End XCConfigurationList section */

/* Begin XCRemoteSwiftPackageReference section */
		2E86D26F29016E8E008848F3 /* XCRemoteSwiftPackageReference "Kingfisher" */ = {
			isa = XCRemoteSwiftPackageReference;
			repositoryURL = "https://github.com/onevcat/Kingfisher.git";
			requirement = {
				kind = upToNextMajorVersion;
				minimumVersion = 7.0.0;
			};
		};
/* End XCRemoteSwiftPackageReference section */

/* Begin XCSwiftPackageProductDependency section */
		2E86D27029016E8E008848F3 /* Kingfisher */ = {
			isa = XCSwiftPackageProductDependency;
			package = 2E86D26F29016E8E008848F3 /* XCRemoteSwiftPackageReference "Kingfisher" */;
			productName = Kingfisher;
		};
/* End XCSwiftPackageProductDependency section */
	};
	rootObject = 2E5B188928FEDAB600E1A467 /* Project object */;
}
